
Microsoft Visual Studio Solution File, Format Version 12.00
# Visual Studio Version 17
VisualStudioVersion = 17.1.32328.378
MinimumVisualStudioVersion = 10.0.40219.1
Project("{FAE04EC0-301F-11D3-BF4B-00C04F79EFBC}") = "DistanceCalculator", "DistanceCalculator\DistanceCalculator.csproj", "{3E96160B-410E-4A42-9C0D-629D3810A1D5}"
EndProject
Global
	GlobalSection(SolutionConfigurationPlatforms) = preSolution
		Debug|Any CPU = Debug|Any CPU
		Release|Any CPU = Release|Any CPU
	EndGlobalSection
	GlobalSection(ProjectConfigurationPlatforms) = postSolution
		{3E96160B-410E-4A42-9C0D-629D3810A1D5}.Debug|Any CPU.ActiveCfg = Debug|Any CPU
		{3E96160B-410E-4A42-9C0D-629D3810A1D5}.Debug|Any CPU.Build.0 = Debug|Any CPU
		{3E96160B-410E-4A42-9C0D-629D3810A1D5}.Release|Any CPU.ActiveCfg = Release|Any CPU
		{3E96160B-410E-4A42-9C0D-629D3810A1D5}.Release|Any CPU.Build.0 = Release|Any CPU
	EndGlobalSection
	GlobalSection(SolutionProperties) = preSolution
		HideSolutionNode = FALSE
	EndGlobalSection
	GlobalSection(ExtensibilityGlobals) = postSolution
		SolutionGuid = {AFFFACDA-5939-4E6B-9EF7-8F0451BF63F8}
	EndGlobalSection
EndGlobal
